
Microsoft Visual Studio Solution File, Format Version 12.00
# Visual Studio Version 16
VisualStudioVersion = 16.0.30320.27
MinimumVisualStudioVersion = 10.0.40219.1
Project("{9A19103F-16F7-4668-BE54-9A1E7A4F7556}") = "Web", "Advogados.Web\Web.csproj", "{694F5E57-6C92-42C0-A7E2-8FC3A2301D8E}"
EndProject
Project("{9A19103F-16F7-4668-BE54-9A1E7A4F7556}") = "Dominio", "Dominio\Dominio.csproj", "{CD3B171D-BC0C-4BC8-B8A3-A5C560985939}"
EndProject
Project("{9A19103F-16F7-4668-BE54-9A1E7A4F7556}") = "Repositorio", "Repositorio\Repositorio.csproj", "{0B5E8331-0D4B-4CB6-8194-04F88820B967}"
EndProject
Project("{FAE04EC0-301F-11D3-BF4B-00C04F79EFBC}") = "Servico", "Servico\Servico.csproj", "{06C41981-89D1-442B-97E1-99875A742400}"
EndProject
Global
	GlobalSection(SolutionConfigurationPlatforms) = preSolution
		Debug|Any CPU = Debug|Any CPU
		Release|Any CPU = Release|Any CPU
	EndGlobalSection
	GlobalSection(ProjectConfigurationPlatforms) = postSolution
		{694F5E57-6C92-42C0-A7E2-8FC3A2301D8E}.Debug|Any CPU.ActiveCfg = Debug|Any CPU
		{694F5E57-6C92-42C0-A7E2-8FC3A2301D8E}.Debug|Any CPU.Build.0 = Debug|Any CPU
		{694F5E57-6C92-42C0-A7E2-8FC3A2301D8E}.Release|Any CPU.ActiveCfg = Release|Any CPU
		{694F5E57-6C92-42C0-A7E2-8FC3A2301D8E}.Release|Any CPU.Build.0 = Release|Any CPU
		{CD3B171D-BC0C-4BC8-B8A3-A5C560985939}.Debug|Any CPU.ActiveCfg = Debug|Any CPU
		{CD3B171D-BC0C-4BC8-B8A3-A5C560985939}.Debug|Any CPU.Build.0 = Debug|Any CPU
		{CD3B171D-BC0C-4BC8-B8A3-A5C560985939}.Release|Any CPU.ActiveCfg = Release|Any CPU
		{CD3B171D-BC0C-4BC8-B8A3-A5C560985939}.Release|Any CPU.Build.0 = Release|Any CPU
		{0B5E8331-0D4B-4CB6-8194-04F88820B967}.Debug|Any CPU.ActiveCfg = Debug|Any CPU
		{0B5E8331-0D4B-4CB6-8194-04F88820B967}.Debug|Any CPU.Build.0 = Debug|Any CPU
		{0B5E8331-0D4B-4CB6-8194-04F88820B967}.Release|Any CPU.ActiveCfg = Release|Any CPU
		{0B5E8331-0D4B-4CB6-8194-04F88820B967}.Release|Any CPU.Build.0 = Release|Any CPU
		{06C41981-89D1-442B-97E1-99875A742400}.Debug|Any CPU.ActiveCfg = Debug|Any CPU
		{06C41981-89D1-442B-97E1-99875A742400}.Debug|Any CPU.Build.0 = Debug|Any CPU
		{06C41981-89D1-442B-97E1-99875A742400}.Release|Any CPU.ActiveCfg = Release|Any CPU
		{06C41981-89D1-442B-97E1-99875A742400}.Release|Any CPU.Build.0 = Release|Any CPU
	EndGlobalSection
	GlobalSection(SolutionProperties) = preSolution
		HideSolutionNode = FALSE
	EndGlobalSection
	GlobalSection(ExtensibilityGlobals) = postSolution
		SolutionGuid = {871041F6-46AE-4C16-AE47-D6FB00F02DDC}
	EndGlobalSection
EndGlobal
